<?xml version="1.0" encoding="utf-8"?>
<Project ToolsVersion="4.0" xmlns="http://schemas.microsoft.com/developer/msbuild/2003">
  <ItemGroup>
    <Filter Include="Source Files">
      <UniqueIdentifier>{4FC737F1-C7A5-4376-A066-2A32D752A2FF}</UniqueIdentifier>
      <Extensions>cpp;c;cc;cxx;def;odl;idl;hpj;bat;asm;asmx</Extensions>
    </Filter>
    <Filter Include="Header Files">
      <UniqueIdentifier>{93995380-89BD-4b04-88EB-625FBE52EBFB}</UniqueIdentifier>
      <Extensions>h;hh;hpp;hxx;hm;inl;inc;xsd</Extensions>
    </Filter>
    <Filter Include="Resource Files">
      <UniqueIdentifier>{67DA6AB6-F800-4c08-8B7A-83BB121AAD01}</UniqueIdentifier>
      <Extensions>rc;ico;cur;bmp;dlg;rc2;rct;bin;rgs;gif;jpg;jpeg;jpe;resx;tiff;tif;png;wav;mfcribbon-ms</Extensions>
    </Filter>
    <Filter Include="Header Files\Output">
      <UniqueIdentifier>{300e5d20-eb27-42d4-8e4f-cbe41e3ad710}</UniqueIdentifier>
    </Filter>
    <Filter Include="Header Files\Tokens">
      <UniqueIdentifier>{123cf812-fe16-4644-82ac-69d4e9336a82}</UniqueIdentifier>
    </Filter>
    <Filter Include="Source Files\Tokens">
      <UniqueIdentifier>{22470978-fd97-4d0f-a40a-b15837419189}</UniqueIdentifier>
    </Filter>
  </ItemGroup>
  <ItemGroup>
    <ClInclude Include="targetver.h">
      <Filter>Header Files</Filter>
    </ClInclude>
    <ClInclude Include="ActivePoint.h">
      <Filter>Header Files</Filter>
    </ClInclude>
    <ClInclude Include="VertexBase.h">
      <Filter>Header Files</Filter>
    </ClInclude>
    <ClInclude Include="Leaf.h">
      <Filter>Header Files</Filter>
    </ClInclude>
    <ClInclude Include="Decoder.h">
      <Filter>Header Files</Filter>
    </ClInclude>
    <ClInclude Include="DecodeResult.h">
      <Filter>Header Files</Filter>
    </ClInclude>
    <ClInclude Include="Encoder.h">
      <Filter>Header Files</Filter>
    </ClInclude>
    <ClInclude Include="MatchStruct.h">
      <Filter>Header Files</Filter>
    </ClInclude>
    <ClInclude Include="VertexChild.h">
      <Filter>Header Files</Filter>
    </ClInclude>
    <ClInclude Include="TokenInputStream.h">
      <Filter>Header Files\Tokens</Filter>
    </ClInclude>
    <ClInclude Include="TokenOutputStream.h">
      <Filter>Header Files\Tokens</Filter>
    </ClInclude>
    <ClInclude Include="TokenStreamBase.h">
      <Filter>Header Files\Tokens</Filter>
    </ClInclude>
    <ClInclude Include="Buffer.hh">
      <Filter>Header Files</Filter>
    </ClInclude>
    <ClInclude Include="Vertex.hh">
      <Filter>Header Files</Filter>
    </ClInclude>
    <ClInclude Include="SuffixTree.hh">
      <Filter>Header Files</Filter>
    </ClInclude>
    <ClInclude Include="SuffixTreeAux.hh">
      <Filter>Header Files</Filter>
    </ClInclude>
    <ClInclude Include="OutputBytesHelper.hh">
      <Filter>Header Files\Output</Filter>
    </ClInclude>
    <ClInclude Include="Stream.hh">
      <Filter>Header Files\Output</Filter>
    </ClInclude>
    <ClInclude Include="MatchHelper.hh">
      <Filter>Header Files</Filter>
    </ClInclude>
  </ItemGroup>
  <ItemGroup>
    <ClCompile Include="SuffixTreeCompressor.cpp">
      <Filter>Source Files</Filter>
    </ClCompile>
    <ClCompile Include="ActivePoint.cpp">
      <Filter>Source Files</Filter>
    </ClCompile>
    <ClCompile Include="VertexBase.cpp">
      <Filter>Source Files</Filter>
    </ClCompile>
    <ClCompile Include="Leaf.cpp">
      <Filter>Source Files</Filter>
    </ClCompile>
    <ClCompile Include="Decoder.cpp">
      <Filter>Source Files</Filter>
    </ClCompile>
    <ClCompile Include="Encoder.cpp">
      <Filter>Source Files</Filter>
    </ClCompile>
    <ClCompile Include="MatchStruct.cpp">
      <Filter>Source Files</Filter>
    </ClCompile>
    <ClCompile Include="VertexChild.cpp">
      <Filter>Source Files</Filter>
    </ClCompile>
    <ClCompile Include="TokenInputStream.cpp">
      <Filter>Source Files\Tokens</Filter>
    </ClCompile>
    <ClCompile Include="TokenOutputStream.cpp">
      <Filter>Source Files\Tokens</Filter>
    </ClCompile>
  </ItemGroup>
</Project>